
Microsoft Visual Studio Solution File, Format Version 12.00
# Visual Studio Version 16
VisualStudioVersion = 16.0.30114.105
MinimumVisualStudioVersion = 10.0.40219.1
Project("{FAE04EC0-301F-11D3-BF4B-00C04F79EFBC}") = "01. Discriminant", "01. Discriminant\01. Discriminant.csproj", "{F79B6F18-EC70-4898-BBBD-FEB48C6BC1B1}"
EndProject
Project("{FAE04EC0-301F-11D3-BF4B-00C04F79EFBC}") = "02. Greeting", "02. Greeting\02. Greeting.csproj", "{DC9959C6-B5CE-4951-B3AF-AB4158EE7845}"
EndProject
Project("{FAE04EC0-301F-11D3-BF4B-00C04F79EFBC}") = "04. Leap year", "04. Leap year\04. Leap year.csproj", "{0F9F8A06-CF8A-467E-8664-9A0C6E36D32E}"
EndProject
Project("{FAE04EC0-301F-11D3-BF4B-00C04F79EFBC}") = "05. Real number formatting", "05. Real number formatting\05. Real number formatting.csproj", "{F0479D9B-2F0C-41C2-AFD2-ADCCBB331096}"
EndProject
Project("{FAE04EC0-301F-11D3-BF4B-00C04F79EFBC}") = "06. Prime number", "06. Prime number\06. Prime number.csproj", "{F49014B0-FF7D-4825-B022-50F6219A5A7B}"
EndProject
Project("{FAE04EC0-301F-11D3-BF4B-00C04F79EFBC}") = "Finding prime numbers", "07. Finding prime numbers\Finding prime numbers.csproj", "{4ECBFAE6-23BA-458B-8DC0-C1C2BF329365}"
EndProject
Project("{FAE04EC0-301F-11D3-BF4B-00C04F79EFBC}") = "08. Factorial", "08. Factorial\08. Factorial.csproj", "{F7F23BB8-49BC-4ADC-8C99-D5C0E60B1A72}"
EndProject
Project("{FAE04EC0-301F-11D3-BF4B-00C04F79EFBC}") = "09. Fibonacci", "09. Fibonacci\09. Fibonacci.csproj", "{5F5F7DF0-ED45-4AB5-918F-39BC59E002AA}"
EndProject
Project("{FAE04EC0-301F-11D3-BF4B-00C04F79EFBC}") = "10. Quadratic equation", "10. Quadratic equation\10. Quadratic equation.csproj", "{B2CD59EB-48D3-4D23-B0FA-F3A1C4D1BD7F}"
EndProject
Project("{FAE04EC0-301F-11D3-BF4B-00C04F79EFBC}") = "11. Calculator", "11. Calculator\11. Calculator.csproj", "{AA6A0F8E-B808-4554-BED9-B6A51E80BB64}"
EndProject
Project("{FAE04EC0-301F-11D3-BF4B-00C04F79EFBC}") = "12. MinMax", "12. MinMax\12. MinMax.csproj", "{79F203DA-2154-4B19-85CE-43FA1C7668F9}"
EndProject
Project("{FAE04EC0-301F-11D3-BF4B-00C04F79EFBC}") = "13. Bubble sort", "13. Bubble sort\13. Bubble sort.csproj", "{34863294-393D-4931-95BE-2B39D0C386B4}"
EndProject
Project("{FAE04EC0-301F-11D3-BF4B-00C04F79EFBC}") = "14. Inversions count", "14. Inversions count\14. Inversions count.csproj", "{34D947F7-59F7-4E8F-BF1F-A9CF08B971B6}"
EndProject
Project("{FAE04EC0-301F-11D3-BF4B-00C04F79EFBC}") = "15. Matrix sum", "15. Matrix sum\15. Matrix sum.csproj", "{F3A1EB6F-F7DB-4BFD-B079-CFAD26E96BB7}"
EndProject
Project("{FAE04EC0-301F-11D3-BF4B-00C04F79EFBC}") = "16. Temperatures", "16. Temperatures\16. Temperatures.csproj", "{BFD4D1D0-22DF-44CB-A3D6-773E702385EC}"
EndProject
Global
	GlobalSection(SolutionConfigurationPlatforms) = preSolution
		Debug|Any CPU = Debug|Any CPU
		Debug|x64 = Debug|x64
		Debug|x86 = Debug|x86
		Release|Any CPU = Release|Any CPU
		Release|x64 = Release|x64
		Release|x86 = Release|x86
	EndGlobalSection
	GlobalSection(SolutionProperties) = preSolution
		HideSolutionNode = FALSE
	EndGlobalSection
	GlobalSection(ProjectConfigurationPlatforms) = postSolution
		{F79B6F18-EC70-4898-BBBD-FEB48C6BC1B1}.Debug|Any CPU.ActiveCfg = Debug|Any CPU
		{F79B6F18-EC70-4898-BBBD-FEB48C6BC1B1}.Debug|Any CPU.Build.0 = Debug|Any CPU
		{F79B6F18-EC70-4898-BBBD-FEB48C6BC1B1}.Debug|x64.ActiveCfg = Debug|Any CPU
		{F79B6F18-EC70-4898-BBBD-FEB48C6BC1B1}.Debug|x64.Build.0 = Debug|Any CPU
		{F79B6F18-EC70-4898-BBBD-FEB48C6BC1B1}.Debug|x86.ActiveCfg = Debug|Any CPU
		{F79B6F18-EC70-4898-BBBD-FEB48C6BC1B1}.Debug|x86.Build.0 = Debug|Any CPU
		{F79B6F18-EC70-4898-BBBD-FEB48C6BC1B1}.Release|Any CPU.ActiveCfg = Release|Any CPU
		{F79B6F18-EC70-4898-BBBD-FEB48C6BC1B1}.Release|Any CPU.Build.0 = Release|Any CPU
		{F79B6F18-EC70-4898-BBBD-FEB48C6BC1B1}.Release|x64.ActiveCfg = Release|Any CPU
		{F79B6F18-EC70-4898-BBBD-FEB48C6BC1B1}.Release|x64.Build.0 = Release|Any CPU
		{F79B6F18-EC70-4898-BBBD-FEB48C6BC1B1}.Release|x86.ActiveCfg = Release|Any CPU
		{F79B6F18-EC70-4898-BBBD-FEB48C6BC1B1}.Release|x86.Build.0 = Release|Any CPU
		{DC9959C6-B5CE-4951-B3AF-AB4158EE7845}.Debug|Any CPU.ActiveCfg = Debug|Any CPU
		{DC9959C6-B5CE-4951-B3AF-AB4158EE7845}.Debug|Any CPU.Build.0 = Debug|Any CPU
		{DC9959C6-B5CE-4951-B3AF-AB4158EE7845}.Debug|x64.ActiveCfg = Debug|Any CPU
		{DC9959C6-B5CE-4951-B3AF-AB4158EE7845}.Debug|x64.Build.0 = Debug|Any CPU
		{DC9959C6-B5CE-4951-B3AF-AB4158EE7845}.Debug|x86.ActiveCfg = Debug|Any CPU
		{DC9959C6-B5CE-4951-B3AF-AB4158EE7845}.Debug|x86.Build.0 = Debug|Any CPU
		{DC9959C6-B5CE-4951-B3AF-AB4158EE7845}.Release|Any CPU.ActiveCfg = Release|Any CPU
		{DC9959C6-B5CE-4951-B3AF-AB4158EE7845}.Release|Any CPU.Build.0 = Release|Any CPU
		{DC9959C6-B5CE-4951-B3AF-AB4158EE7845}.Release|x64.ActiveCfg = Release|Any CPU
		{DC9959C6-B5CE-4951-B3AF-AB4158EE7845}.Release|x64.Build.0 = Release|Any CPU
		{DC9959C6-B5CE-4951-B3AF-AB4158EE7845}.Release|x86.ActiveCfg = Release|Any CPU
		{DC9959C6-B5CE-4951-B3AF-AB4158EE7845}.Release|x86.Build.0 = Release|Any CPU
		{0F9F8A06-CF8A-467E-8664-9A0C6E36D32E}.Debug|Any CPU.ActiveCfg = Debug|Any CPU
		{0F9F8A06-CF8A-467E-8664-9A0C6E36D32E}.Debug|Any CPU.Build.0 = Debug|Any CPU
		{0F9F8A06-CF8A-467E-8664-9A0C6E36D32E}.Debug|x64.ActiveCfg = Debug|Any CPU
		{0F9F8A06-CF8A-467E-8664-9A0C6E36D32E}.Debug|x64.Build.0 = Debug|Any CPU
		{0F9F8A06-CF8A-467E-8664-9A0C6E36D32E}.Debug|x86.ActiveCfg = Debug|Any CPU
		{0F9F8A06-CF8A-467E-8664-9A0C6E36D32E}.Debug|x86.Build.0 = Debug|Any CPU
		{0F9F8A06-CF8A-467E-8664-9A0C6E36D32E}.Release|Any CPU.ActiveCfg = Release|Any CPU
		{0F9F8A06-CF8A-467E-8664-9A0C6E36D32E}.Release|Any CPU.Build.0 = Release|Any CPU
		{0F9F8A06-CF8A-467E-8664-9A0C6E36D32E}.Release|x64.ActiveCfg = Release|Any CPU
		{0F9F8A06-CF8A-467E-8664-9A0C6E36D32E}.Release|x64.Build.0 = Release|Any CPU
		{0F9F8A06-CF8A-467E-8664-9A0C6E36D32E}.Release|x86.ActiveCfg = Release|Any CPU
		{0F9F8A06-CF8A-467E-8664-9A0C6E36D32E}.Release|x86.Build.0 = Release|Any CPU
		{F0479D9B-2F0C-41C2-AFD2-ADCCBB331096}.Debug|Any CPU.ActiveCfg = Debug|Any CPU
		{F0479D9B-2F0C-41C2-AFD2-ADCCBB331096}.Debug|Any CPU.Build.0 = Debug|Any CPU
		{F0479D9B-2F0C-41C2-AFD2-ADCCBB331096}.Debug|x64.ActiveCfg = Debug|Any CPU
		{F0479D9B-2F0C-41C2-AFD2-ADCCBB331096}.Debug|x64.Build.0 = Debug|Any CPU
		{F0479D9B-2F0C-41C2-AFD2-ADCCBB331096}.Debug|x86.ActiveCfg = Debug|Any CPU
		{F0479D9B-2F0C-41C2-AFD2-ADCCBB331096}.Debug|x86.Build.0 = Debug|Any CPU
		{F0479D9B-2F0C-41C2-AFD2-ADCCBB331096}.Release|Any CPU.ActiveCfg = Release|Any CPU
		{F0479D9B-2F0C-41C2-AFD2-ADCCBB331096}.Release|Any CPU.Build.0 = Release|Any CPU
		{F0479D9B-2F0C-41C2-AFD2-ADCCBB331096}.Release|x64.ActiveCfg = Release|Any CPU
		{F0479D9B-2F0C-41C2-AFD2-ADCCBB331096}.Release|x64.Build.0 = Release|Any CPU
		{F0479D9B-2F0C-41C2-AFD2-ADCCBB331096}.Release|x86.ActiveCfg = Release|Any CPU
		{F0479D9B-2F0C-41C2-AFD2-ADCCBB331096}.Release|x86.Build.0 = Release|Any CPU
		{F49014B0-FF7D-4825-B022-50F6219A5A7B}.Debug|Any CPU.ActiveCfg = Debug|Any CPU
		{F49014B0-FF7D-4825-B022-50F6219A5A7B}.Debug|Any CPU.Build.0 = Debug|Any CPU
		{F49014B0-FF7D-4825-B022-50F6219A5A7B}.Debug|x64.ActiveCfg = Debug|Any CPU
		{F49014B0-FF7D-4825-B022-50F6219A5A7B}.Debug|x64.Build.0 = Debug|Any CPU
		{F49014B0-FF7D-4825-B022-50F6219A5A7B}.Debug|x86.ActiveCfg = Debug|Any CPU
		{F49014B0-FF7D-4825-B022-50F6219A5A7B}.Debug|x86.Build.0 = Debug|Any CPU
		{F49014B0-FF7D-4825-B022-50F6219A5A7B}.Release|Any CPU.ActiveCfg = Release|Any CPU
		{F49014B0-FF7D-4825-B022-50F6219A5A7B}.Release|Any CPU.Build.0 = Release|Any CPU
		{F49014B0-FF7D-4825-B022-50F6219A5A7B}.Release|x64.ActiveCfg = Release|Any CPU
		{F49014B0-FF7D-4825-B022-50F6219A5A7B}.Release|x64.Build.0 = Release|Any CPU
		{F49014B0-FF7D-4825-B022-50F6219A5A7B}.Release|x86.ActiveCfg = Release|Any CPU
		{F49014B0-FF7D-4825-B022-50F6219A5A7B}.Release|x86.Build.0 = Release|Any CPU
		{4ECBFAE6-23BA-458B-8DC0-C1C2BF329365}.Debug|Any CPU.ActiveCfg = Debug|Any CPU
		{4ECBFAE6-23BA-458B-8DC0-C1C2BF329365}.Debug|Any CPU.Build.0 = Debug|Any CPU
		{4ECBFAE6-23BA-458B-8DC0-C1C2BF329365}.Debug|x64.ActiveCfg = Debug|Any CPU
		{4ECBFAE6-23BA-458B-8DC0-C1C2BF329365}.Debug|x64.Build.0 = Debug|Any CPU
		{4ECBFAE6-23BA-458B-8DC0-C1C2BF329365}.Debug|x86.ActiveCfg = Debug|Any CPU
		{4ECBFAE6-23BA-458B-8DC0-C1C2BF329365}.Debug|x86.Build.0 = Debug|Any CPU
		{4ECBFAE6-23BA-458B-8DC0-C1C2BF329365}.Release|Any CPU.ActiveCfg = Release|Any CPU
		{4ECBFAE6-23BA-458B-8DC0-C1C2BF329365}.Release|Any CPU.Build.0 = Release|Any CPU
		{4ECBFAE6-23BA-458B-8DC0-C1C2BF329365}.Release|x64.ActiveCfg = Release|Any CPU
		{4ECBFAE6-23BA-458B-8DC0-C1C2BF329365}.Release|x64.Build.0 = Release|Any CPU
		{4ECBFAE6-23BA-458B-8DC0-C1C2BF329365}.Release|x86.ActiveCfg = Release|Any CPU
		{4ECBFAE6-23BA-458B-8DC0-C1C2BF329365}.Release|x86.Build.0 = Release|Any CPU
		{F7F23BB8-49BC-4ADC-8C99-D5C0E60B1A72}.Debug|Any CPU.ActiveCfg = Debug|Any CPU
		{F7F23BB8-49BC-4ADC-8C99-D5C0E60B1A72}.Debug|Any CPU.Build.0 = Debug|Any CPU
		{F7F23BB8-49BC-4ADC-8C99-D5C0E60B1A72}.Debug|x64.ActiveCfg = Debug|Any CPU
		{F7F23BB8-49BC-4ADC-8C99-D5C0E60B1A72}.Debug|x64.Build.0 = Debug|Any CPU
		{F7F23BB8-49BC-4ADC-8C99-D5C0E60B1A72}.Debug|x86.ActiveCfg = Debug|Any CPU
		{F7F23BB8-49BC-4ADC-8C99-D5C0E60B1A72}.Debug|x86.Build.0 = Debug|Any CPU
		{F7F23BB8-49BC-4ADC-8C99-D5C0E60B1A72}.Release|Any CPU.ActiveCfg = Release|Any CPU
		{F7F23BB8-49BC-4ADC-8C99-D5C0E60B1A72}.Release|Any CPU.Build.0 = Release|Any CPU
		{F7F23BB8-49BC-4ADC-8C99-D5C0E60B1A72}.Release|x64.ActiveCfg = Release|Any CPU
		{F7F23BB8-49BC-4ADC-8C99-D5C0E60B1A72}.Release|x64.Build.0 = Release|Any CPU
		{F7F23BB8-49BC-4ADC-8C99-D5C0E60B1A72}.Release|x86.ActiveCfg = Release|Any CPU
		{F7F23BB8-49BC-4ADC-8C99-D5C0E60B1A72}.Release|x86.Build.0 = Release|Any CPU
		{5F5F7DF0-ED45-4AB5-918F-39BC59E002AA}.Debug|Any CPU.ActiveCfg = Debug|Any CPU
		{5F5F7DF0-ED45-4AB5-918F-39BC59E002AA}.Debug|Any CPU.Build.0 = Debug|Any CPU
		{5F5F7DF0-ED45-4AB5-918F-39BC59E002AA}.Debug|x64.ActiveCfg = Debug|Any CPU
		{5F5F7DF0-ED45-4AB5-918F-39BC59E002AA}.Debug|x64.Build.0 = Debug|Any CPU
		{5F5F7DF0-ED45-4AB5-918F-39BC59E002AA}.Debug|x86.ActiveCfg = Debug|Any CPU
		{5F5F7DF0-ED45-4AB5-918F-39BC59E002AA}.Debug|x86.Build.0 = Debug|Any CPU
		{5F5F7DF0-ED45-4AB5-918F-39BC59E002AA}.Release|Any CPU.ActiveCfg = Release|Any CPU
		{5F5F7DF0-ED45-4AB5-918F-39BC59E002AA}.Release|Any CPU.Build.0 = Release|Any CPU
		{5F5F7DF0-ED45-4AB5-918F-39BC59E002AA}.Release|x64.ActiveCfg = Release|Any CPU
		{5F5F7DF0-ED45-4AB5-918F-39BC59E002AA}.Release|x64.Build.0 = Release|Any CPU
		{5F5F7DF0-ED45-4AB5-918F-39BC59E002AA}.Release|x86.ActiveCfg = Release|Any CPU
		{5F5F7DF0-ED45-4AB5-918F-39BC59E002AA}.Release|x86.Build.0 = Release|Any CPU
		{B2CD59EB-48D3-4D23-B0FA-F3A1C4D1BD7F}.Debug|Any CPU.ActiveCfg = Debug|Any CPU
		{B2CD59EB-48D3-4D23-B0FA-F3A1C4D1BD7F}.Debug|Any CPU.Build.0 = Debug|Any CPU
		{B2CD59EB-48D3-4D23-B0FA-F3A1C4D1BD7F}.Debug|x64.ActiveCfg = Debug|Any CPU
		{B2CD59EB-48D3-4D23-B0FA-F3A1C4D1BD7F}.Debug|x64.Build.0 = Debug|Any CPU
		{B2CD59EB-48D3-4D23-B0FA-F3A1C4D1BD7F}.Debug|x86.ActiveCfg = Debug|Any CPU
		{B2CD59EB-48D3-4D23-B0FA-F3A1C4D1BD7F}.Debug|x86.Build.0 = Debug|Any CPU
		{B2CD59EB-48D3-4D23-B0FA-F3A1C4D1BD7F}.Release|Any CPU.ActiveCfg = Release|Any CPU
		{B2CD59EB-48D3-4D23-B0FA-F3A1C4D1BD7F}.Release|Any CPU.Build.0 = Release|Any CPU
		{B2CD59EB-48D3-4D23-B0FA-F3A1C4D1BD7F}.Release|x64.ActiveCfg = Release|Any CPU
		{B2CD59EB-48D3-4D23-B0FA-F3A1C4D1BD7F}.Release|x64.Build.0 = Release|Any CPU
		{B2CD59EB-48D3-4D23-B0FA-F3A1C4D1BD7F}.Release|x86.ActiveCfg = Release|Any CPU
		{B2CD59EB-48D3-4D23-B0FA-F3A1C4D1BD7F}.Release|x86.Build.0 = Release|Any CPU
		{AA6A0F8E-B808-4554-BED9-B6A51E80BB64}.Debug|Any CPU.ActiveCfg = Debug|Any CPU
		{AA6A0F8E-B808-4554-BED9-B6A51E80BB64}.Debug|Any CPU.Build.0 = Debug|Any CPU
		{AA6A0F8E-B808-4554-BED9-B6A51E80BB64}.Debug|x64.ActiveCfg = Debug|Any CPU
		{AA6A0F8E-B808-4554-BED9-B6A51E80BB64}.Debug|x64.Build.0 = Debug|Any CPU
		{AA6A0F8E-B808-4554-BED9-B6A51E80BB64}.Debug|x86.ActiveCfg = Debug|Any CPU
		{AA6A0F8E-B808-4554-BED9-B6A51E80BB64}.Debug|x86.Build.0 = Debug|Any CPU
		{AA6A0F8E-B808-4554-BED9-B6A51E80BB64}.Release|Any CPU.ActiveCfg = Release|Any CPU
		{AA6A0F8E-B808-4554-BED9-B6A51E80BB64}.Release|Any CPU.Build.0 = Release|Any CPU
		{AA6A0F8E-B808-4554-BED9-B6A51E80BB64}.Release|x64.ActiveCfg = Release|Any CPU
		{AA6A0F8E-B808-4554-BED9-B6A51E80BB64}.Release|x64.Build.0 = Release|Any CPU
		{AA6A0F8E-B808-4554-BED9-B6A51E80BB64}.Release|x86.ActiveCfg = Release|Any CPU
		{AA6A0F8E-B808-4554-BED9-B6A51E80BB64}.Release|x86.Build.0 = Release|Any CPU
		{79F203DA-2154-4B19-85CE-43FA1C7668F9}.Debug|Any CPU.ActiveCfg = Debug|Any CPU
		{79F203DA-2154-4B19-85CE-43FA1C7668F9}.Debug|Any CPU.Build.0 = Debug|Any CPU
		{79F203DA-2154-4B19-85CE-43FA1C7668F9}.Debug|x64.ActiveCfg = Debug|Any CPU
		{79F203DA-2154-4B19-85CE-43FA1C7668F9}.Debug|x64.Build.0 = Debug|Any CPU
		{79F203DA-2154-4B19-85CE-43FA1C7668F9}.Debug|x86.ActiveCfg = Debug|Any CPU
		{79F203DA-2154-4B19-85CE-43FA1C7668F9}.Debug|x86.Build.0 = Debug|Any CPU
		{79F203DA-2154-4B19-85CE-43FA1C7668F9}.Release|Any CPU.ActiveCfg = Release|Any CPU
		{79F203DA-2154-4B19-85CE-43FA1C7668F9}.Release|Any CPU.Build.0 = Release|Any CPU
		{79F203DA-2154-4B19-85CE-43FA1C7668F9}.Release|x64.ActiveCfg = Release|Any CPU
		{79F203DA-2154-4B19-85CE-43FA1C7668F9}.Release|x64.Build.0 = Release|Any CPU
		{79F203DA-2154-4B19-85CE-43FA1C7668F9}.Release|x86.ActiveCfg = Release|Any CPU
		{79F203DA-2154-4B19-85CE-43FA1C7668F9}.Release|x86.Build.0 = Release|Any CPU
		{34863294-393D-4931-95BE-2B39D0C386B4}.Debug|Any CPU.ActiveCfg = Debug|Any CPU
		{34863294-393D-4931-95BE-2B39D0C386B4}.Debug|Any CPU.Build.0 = Debug|Any CPU
		{34863294-393D-4931-95BE-2B39D0C386B4}.Debug|x64.ActiveCfg = Debug|Any CPU
		{34863294-393D-4931-95BE-2B39D0C386B4}.Debug|x64.Build.0 = Debug|Any CPU
		{34863294-393D-4931-95BE-2B39D0C386B4}.Debug|x86.ActiveCfg = Debug|Any CPU
		{34863294-393D-4931-95BE-2B39D0C386B4}.Debug|x86.Build.0 = Debug|Any CPU
		{34863294-393D-4931-95BE-2B39D0C386B4}.Release|Any CPU.ActiveCfg = Release|Any CPU
		{34863294-393D-4931-95BE-2B39D0C386B4}.Release|Any CPU.Build.0 = Release|Any CPU
		{34863294-393D-4931-95BE-2B39D0C386B4}.Release|x64.ActiveCfg = Release|Any CPU
		{34863294-393D-4931-95BE-2B39D0C386B4}.Release|x64.Build.0 = Release|Any CPU
		{34863294-393D-4931-95BE-2B39D0C386B4}.Release|x86.ActiveCfg = Release|Any CPU
		{34863294-393D-4931-95BE-2B39D0C386B4}.Release|x86.Build.0 = Release|Any CPU
		{34D947F7-59F7-4E8F-BF1F-A9CF08B971B6}.Debug|Any CPU.ActiveCfg = Debug|Any CPU
		{34D947F7-59F7-4E8F-BF1F-A9CF08B971B6}.Debug|Any CPU.Build.0 = Debug|Any CPU
		{34D947F7-59F7-4E8F-BF1F-A9CF08B971B6}.Debug|x64.ActiveCfg = Debug|Any CPU
		{34D947F7-59F7-4E8F-BF1F-A9CF08B971B6}.Debug|x64.Build.0 = Debug|Any CPU
		{34D947F7-59F7-4E8F-BF1F-A9CF08B971B6}.Debug|x86.ActiveCfg = Debug|Any CPU
		{34D947F7-59F7-4E8F-BF1F-A9CF08B971B6}.Debug|x86.Build.0 = Debug|Any CPU
		{34D947F7-59F7-4E8F-BF1F-A9CF08B971B6}.Release|Any CPU.ActiveCfg = Release|Any CPU
		{34D947F7-59F7-4E8F-BF1F-A9CF08B971B6}.Release|Any CPU.Build.0 = Release|Any CPU
		{34D947F7-59F7-4E8F-BF1F-A9CF08B971B6}.Release|x64.ActiveCfg = Release|Any CPU
		{34D947F7-59F7-4E8F-BF1F-A9CF08B971B6}.Release|x64.Build.0 = Release|Any CPU
		{34D947F7-59F7-4E8F-BF1F-A9CF08B971B6}.Release|x86.ActiveCfg = Release|Any CPU
		{34D947F7-59F7-4E8F-BF1F-A9CF08B971B6}.Release|x86.Build.0 = Release|Any CPU
		{F3A1EB6F-F7DB-4BFD-B079-CFAD26E96BB7}.Debug|Any CPU.ActiveCfg = Debug|Any CPU
		{F3A1EB6F-F7DB-4BFD-B079-CFAD26E96BB7}.Debug|Any CPU.Build.0 = Debug|Any CPU
		{F3A1EB6F-F7DB-4BFD-B079-CFAD26E96BB7}.Debug|x64.ActiveCfg = Debug|Any CPU
		{F3A1EB6F-F7DB-4BFD-B079-CFAD26E96BB7}.Debug|x64.Build.0 = Debug|Any CPU
		{F3A1EB6F-F7DB-4BFD-B079-CFAD26E96BB7}.Debug|x86.ActiveCfg = Debug|Any CPU
		{F3A1EB6F-F7DB-4BFD-B079-CFAD26E96BB7}.Debug|x86.Build.0 = Debug|Any CPU
		{F3A1EB6F-F7DB-4BFD-B079-CFAD26E96BB7}.Release|Any CPU.ActiveCfg = Release|Any CPU
		{F3A1EB6F-F7DB-4BFD-B079-CFAD26E96BB7}.Release|Any CPU.Build.0 = Release|Any CPU
		{F3A1EB6F-F7DB-4BFD-B079-CFAD26E96BB7}.Release|x64.ActiveCfg = Release|Any CPU
		{F3A1EB6F-F7DB-4BFD-B079-CFAD26E96BB7}.Release|x64.Build.0 = Release|Any CPU
		{F3A1EB6F-F7DB-4BFD-B079-CFAD26E96BB7}.Release|x86.ActiveCfg = Release|Any CPU
		{F3A1EB6F-F7DB-4BFD-B079-CFAD26E96BB7}.Release|x86.Build.0 = Release|Any CPU
		{BFD4D1D0-22DF-44CB-A3D6-773E702385EC}.Debug|Any CPU.ActiveCfg = Debug|Any CPU
		{BFD4D1D0-22DF-44CB-A3D6-773E702385EC}.Debug|Any CPU.Build.0 = Debug|Any CPU
		{BFD4D1D0-22DF-44CB-A3D6-773E702385EC}.Debug|x64.ActiveCfg = Debug|Any CPU
		{BFD4D1D0-22DF-44CB-A3D6-773E702385EC}.Debug|x64.Build.0 = Debug|Any CPU
		{BFD4D1D0-22DF-44CB-A3D6-773E702385EC}.Debug|x86.ActiveCfg = Debug|Any CPU
		{BFD4D1D0-22DF-44CB-A3D6-773E702385EC}.Debug|x86.Build.0 = Debug|Any CPU
		{BFD4D1D0-22DF-44CB-A3D6-773E702385EC}.Release|Any CPU.ActiveCfg = Release|Any CPU
		{BFD4D1D0-22DF-44CB-A3D6-773E702385EC}.Release|Any CPU.Build.0 = Release|Any CPU
		{BFD4D1D0-22DF-44CB-A3D6-773E702385EC}.Release|x64.ActiveCfg = Release|Any CPU
		{BFD4D1D0-22DF-44CB-A3D6-773E702385EC}.Release|x64.Build.0 = Release|Any CPU
		{BFD4D1D0-22DF-44CB-A3D6-773E702385EC}.Release|x86.ActiveCfg = Release|Any CPU
		{BFD4D1D0-22DF-44CB-A3D6-773E702385EC}.Release|x86.Build.0 = Release|Any CPU
	EndGlobalSection
EndGlobal
